// !$*UTF8*$!
{
	archiveVersion = 1;
	classes = {
	};
	objectVersion = 50;
	objects = {

/* Begin PBXBuildFile section */
		CA595ACE266B03D300FC860B /* WeatherAppApp.swift in Sources */ = {isa = PBXBuildFile; fileRef = CA595ACD266B03D300FC860B /* WeatherAppApp.swift */; };
		CA595AD0266B03D300FC860B /* ContentView.swift in Sources */ = {isa = PBXBuildFile; fileRef = CA595ACF266B03D300FC860B /* ContentView.swift */; };
		CA595AD2266B03D400FC860B /* Assets.xcassets in Resources */ = {isa = PBXBuildFile; fileRef = CA595AD1266B03D400FC860B /* Assets.xcassets */; };
		CA595AD5266B03D400FC860B /* Preview Assets.xcassets in Resources */ = {isa = PBXBuildFile; fileRef = CA595AD4266B03D400FC860B /* Preview Assets.xcassets */; };
		CA595AE1266B046000FC860B /* WeatherdataMock.swift in Sources */ = {isa = PBXBuildFile; fileRef = CA595AE0266B046000FC860B /* WeatherdataMock.swift */; };
		CA595AE3266B048000FC860B /* WeatherModel.swift in Sources */ = {isa = PBXBuildFile; fileRef = CA595AE2266B048000FC860B /* WeatherModel.swift */; };
		CA595AE5266B04B300FC860B /* ThermalSensation.swift in Sources */ = {isa = PBXBuildFile; fileRef = CA595AE4266B04B300FC860B /* ThermalSensation.swift */; };
		CA595AE8266B04E200FC860B /* WeatherService.swift in Sources */ = {isa = PBXBuildFile; fileRef = CA595AE7266B04E200FC860B /* WeatherService.swift */; };
		CA595AEA266B0C7500FC860B /* response.json in Resources */ = {isa = PBXBuildFile; fileRef = CA595AE9266B0C7500FC860B /* response.json */; };
		CA595AED266B0CFE00FC860B /* HomeView.swift in Sources */ = {isa = PBXBuildFile; fileRef = CA595AEC266B0CFE00FC860B /* HomeView.swift */; };
		CA595AEF266B108500FC860B /* Precipitation.swift in Sources */ = {isa = PBXBuildFile; fileRef = CA595AEE266B108500FC860B /* Precipitation.swift */; };
		CA7C65D6266C56130046F604 /* InfoRow.swift in Sources */ = {isa = PBXBuildFile; fileRef = CA7C65D5266C56130046F604 /* InfoRow.swift */; };
		CA7C65D8266C56650046F604 /* ImageLoader.swift in Sources */ = {isa = PBXBuildFile; fileRef = CA7C65D7266C56650046F604 /* ImageLoader.swift */; };
		CA7C65DA266C56BA0046F604 /* ImageView.swift in Sources */ = {isa = PBXBuildFile; fileRef = CA7C65D9266C56BA0046F604 /* ImageView.swift */; };
		CA7C65DC266C5B570046F604 /* TemperatureRow.swift in Sources */ = {isa = PBXBuildFile; fileRef = CA7C65DB266C5B570046F604 /* TemperatureRow.swift */; };
		CA7C65DE266C60050046F604 /* IconTextComponent.swift in Sources */ = {isa = PBXBuildFile; fileRef = CA7C65DD266C60050046F604 /* IconTextComponent.swift */; };
		CA7F3FED266C22FF00B4E74D /* ScrollViewOffset.swift in Sources */ = {isa = PBXBuildFile; fileRef = CA7F3FEC266C22FF00B4E74D /* ScrollViewOffset.swift */; };
/* End PBXBuildFile section */

/* Begin PBXFileReference section */
		CA595ACA266B03D300FC860B /* WeatherApp.app */ = {isa = PBXFileReference; explicitFileType = wrapper.application; includeInIndex = 0; path = WeatherApp.app; sourceTree = BUILT_PRODUCTS_DIR; };
		CA595ACD266B03D300FC860B /* WeatherAppApp.swift */ = {isa = PBXFileReference; lastKnownFileType = sourcecode.swift; path = WeatherAppApp.swift; sourceTree = "<group>"; };
		CA595ACF266B03D300FC860B /* ContentView.swift */ = {isa = PBXFileReference; lastKnownFileType = sourcecode.swift; path = ContentView.swift; sourceTree = "<group>"; };
		CA595AD1266B03D400FC860B /* Assets.xcassets */ = {isa = PBXFileReference; lastKnownFileType = folder.assetcatalog; path = Assets.xcassets; sourceTree = "<group>"; };
		CA595AD4266B03D400FC860B /* Preview Assets.xcassets */ = {isa = PBXFileReference; lastKnownFileType = folder.assetcatalog; path = "Preview Assets.xcassets"; sourceTree = "<group>"; };
		CA595AD6266B03D400FC860B /* Info.plist */ = {isa = PBXFileReference; lastKnownFileType = text.plist.xml; path = Info.plist; sourceTree = "<group>"; };
		CA595AE0266B046000FC860B /* WeatherdataMock.swift */ = {isa = PBXFileReference; lastKnownFileType = sourcecode.swift; path = WeatherdataMock.swift; sourceTree = "<group>"; };
		CA595AE2266B048000FC860B /* WeatherModel.swift */ = {isa = PBXFileReference; lastKnownFileType = sourcecode.swift; path = WeatherModel.swift; sourceTree = "<group>"; };
		CA595AE4266B04B300FC860B /* ThermalSensation.swift */ = {isa = PBXFileReference; lastKnownFileType = sourcecode.swift; path = ThermalSensation.swift; sourceTree = "<group>"; };
		CA595AE7266B04E200FC860B /* WeatherService.swift */ = {isa = PBXFileReference; lastKnownFileType = sourcecode.swift; path = WeatherService.swift; sourceTree = "<group>"; };
		CA595AE9266B0C7500FC860B /* response.json */ = {isa = PBXFileReference; fileEncoding = 4; lastKnownFileType = text.json; path = response.json; sourceTree = "<group>"; };
		CA595AEC266B0CFE00FC860B /* HomeView.swift */ = {isa = PBXFileReference; lastKnownFileType = sourcecode.swift; path = HomeView.swift; sourceTree = "<group>"; };
		CA595AEE266B108500FC860B /* Precipitation.swift */ = {isa = PBXFileReference; lastKnownFileType = sourcecode.swift; path = Precipitation.swift; sourceTree = "<group>"; };
		CA7C65D5266C56130046F604 /* InfoRow.swift */ = {isa = PBXFileReference; lastKnownFileType = sourcecode.swift; path = InfoRow.swift; sourceTree = "<group>"; };
		CA7C65D7266C56650046F604 /* ImageLoader.swift */ = {isa = PBXFileReference; lastKnownFileType = sourcecode.swift; path = ImageLoader.swift; sourceTree = "<group>"; };
		CA7C65D9266C56BA0046F604 /* ImageView.swift */ = {isa = PBXFileReference; lastKnownFileType = sourcecode.swift; path = ImageView.swift; sourceTree = "<group>"; };
		CA7C65DB266C5B570046F604 /* TemperatureRow.swift */ = {isa = PBXFileReference; lastKnownFileType = sourcecode.swift; path = TemperatureRow.swift; sourceTree = "<group>"; };
		CA7C65DD266C60050046F604 /* IconTextComponent.swift */ = {isa = PBXFileReference; lastKnownFileType = sourcecode.swift; path = IconTextComponent.swift; sourceTree = "<group>"; };
		CA7F3FEC266C22FF00B4E74D /* ScrollViewOffset.swift */ = {isa = PBXFileReference; lastKnownFileType = sourcecode.swift; path = ScrollViewOffset.swift; sourceTree = "<group>"; };
/* End PBXFileReference section */

/* Begin PBXFrameworksBuildPhase section */
		CA595AC7266B03D300FC860B /* Frameworks */ = {
			isa = PBXFrameworksBuildPhase;
			buildActionMask = 2147483647;
			files = (
			);
			runOnlyForDeploymentPostprocessing = 0;
		};
/* End PBXFrameworksBuildPhase section */

/* Begin PBXGroup section */
		CA595AC1266B03D300FC860B = {
			isa = PBXGroup;
			children = (
				CA595ACC266B03D300FC860B /* WeatherApp */,
				CA595ACB266B03D300FC860B /* Products */,
			);
			sourceTree = "<group>";
		};
		CA595ACB266B03D300FC860B /* Products */ = {
			isa = PBXGroup;
			children = (
				CA595ACA266B03D300FC860B /* WeatherApp.app */,
			);
			name = Products;
			sourceTree = "<group>";
		};
		CA595ACC266B03D300FC860B /* WeatherApp */ = {
			isa = PBXGroup;
			children = (
				CA595AEB266B0CED00FC860B /* View */,
				CA595AE6266B04D000FC860B /* Service */,
				CA595ADF266B042A00FC860B /* Mock */,
				CA595ADE266B041800FC860B /* Component */,
				CA595ADD266B041300FC860B /* Model */,
				CA595ADC266B040E00FC860B /* App */,
				CA595AD1266B03D400FC860B /* Assets.xcassets */,
				CA595AD6266B03D400FC860B /* Info.plist */,
				CA595AD3266B03D400FC860B /* Preview Content */,
			);
			path = WeatherApp;
			sourceTree = "<group>";
		};
		CA595AD3266B03D400FC860B /* Preview Content */ = {
			isa = PBXGroup;
			children = (
				CA595AD4266B03D400FC860B /* Preview Assets.xcassets */,
			);
			path = "Preview Content";
			sourceTree = "<group>";
		};
		CA595ADC266B040E00FC860B /* App */ = {
			isa = PBXGroup;
			children = (
				CA595ACF266B03D300FC860B /* ContentView.swift */,
				CA595ACD266B03D300FC860B /* WeatherAppApp.swift */,
			);
			path = App;
			sourceTree = "<group>";
		};
		CA595ADD266B041300FC860B /* Model */ = {
			isa = PBXGroup;
			children = (
				CA595AE2266B048000FC860B /* WeatherModel.swift */,
				CA7C65D7266C56650046F604 /* ImageLoader.swift */,
			);
			path = Model;
			sourceTree = "<group>";
		};
		CA595ADE266B041800FC860B /* Component */ = {
			isa = PBXGroup;
			children = (
				CA595AE4266B04B300FC860B /* ThermalSensation.swift */,
				CA595AEE266B108500FC860B /* Precipitation.swift */,
				CA7C65D5266C56130046F604 /* InfoRow.swift */,
				CA7C65D9266C56BA0046F604 /* ImageView.swift */,
				CA7C65DB266C5B570046F604 /* TemperatureRow.swift */,
				CA7C65DD266C60050046F604 /* IconTextComponent.swift */,
			);
			path = Component;
			sourceTree = "<group>";
		};
		CA595ADF266B042A00FC860B /* Mock */ = {
			isa = PBXGroup;
			children = (
				CA595AE9266B0C7500FC860B /* response.json */,
				CA595AE0266B046000FC860B /* WeatherdataMock.swift */,
			);
			path = Mock;
			sourceTree = "<group>";
		};
		CA595AE6266B04D000FC860B /* Service */ = {
			isa = PBXGroup;
			children = (
				CA595AE7266B04E200FC860B /* WeatherService.swift */,
			);
			path = Service;
			sourceTree = "<group>";
		};
		CA595AEB266B0CED00FC860B /* View */ = {
			isa = PBXGroup;
			children = (
				CA595AEC266B0CFE00FC860B /* HomeView.swift */,
				CA7F3FEC266C22FF00B4E74D /* ScrollViewOffset.swift */,
			);
			path = View;
			sourceTree = "<group>";
		};
/* End PBXGroup section */

/* Begin PBXNativeTarget section */
		CA595AC9266B03D300FC860B /* WeatherApp */ = {
			isa = PBXNativeTarget;
			buildConfigurationList = CA595AD9266B03D400FC860B /* Build configuration list for PBXNativeTarget "WeatherApp" */;
			buildPhases = (
				CA595AC6266B03D300FC860B /* Sources */,
				CA595AC7266B03D300FC860B /* Frameworks */,
				CA595AC8266B03D300FC860B /* Resources */,
			);
			buildRules = (
			);
			dependencies = (
			);
			name = WeatherApp;
			productName = WeatherApp;
			productReference = CA595ACA266B03D300FC860B /* WeatherApp.app */;
			productType = "com.apple.product-type.application";
		};
/* End PBXNativeTarget section */

/* Begin PBXProject section */
		CA595AC2266B03D300FC860B /* Project object */ = {
			isa = PBXProject;
			attributes = {
				LastSwiftUpdateCheck = 1250;
				LastUpgradeCheck = 1250;
				TargetAttributes = {
					CA595AC9266B03D300FC860B = {
						CreatedOnToolsVersion = 12.5;
					};
				};
			};
			buildConfigurationList = CA595AC5266B03D300FC860B /* Build configuration list for PBXProject "WeatherApp" */;
			compatibilityVersion = "Xcode 9.3";
			developmentRegion = en;
			hasScannedForEncodings = 0;
			knownRegions = (
				en,
				Base,
			);
			mainGroup = CA595AC1266B03D300FC860B;
			productRefGroup = CA595ACB266B03D300FC860B /* Products */;
			projectDirPath = "";
			projectRoot = "";
			targets = (
				CA595AC9266B03D300FC860B /* WeatherApp */,
			);
		};
/* End PBXProject section */

/* Begin PBXResourcesBuildPhase section */
		CA595AC8266B03D300FC860B /* Resources */ = {
			isa = PBXResourcesBuildPhase;
			buildActionMask = 2147483647;
			files = (
				CA595AD5266B03D400FC860B /* Preview Assets.xcassets in Resources */,
				CA595AEA266B0C7500FC860B /* response.json in Resources */,
				CA595AD2266B03D400FC860B /* Assets.xcassets in Resources */,
			);
			runOnlyForDeploymentPostprocessing = 0;
		};
/* End PBXResourcesBuildPhase section */

/* Begin PBXSourcesBuildPhase section */
		CA595AC6266B03D300FC860B /* Sources */ = {
			isa = PBXSourcesBuildPhase;
			buildActionMask = 2147483647;
			files = (
				CA7C65DA266C56BA0046F604 /* ImageView.swift in Sources */,
				CA7C65DE266C60050046F604 /* IconTextComponent.swift in Sources */,
				CA595AE1266B046000FC860B /* WeatherdataMock.swift in Sources */,
				CA7F3FED266C22FF00B4E74D /* ScrollViewOffset.swift in Sources */,
				CA595AEF266B108500FC860B /* Precipitation.swift in Sources */,
				CA595AED266B0CFE00FC860B /* HomeView.swift in Sources */,
				CA7C65D6266C56130046F604 /* InfoRow.swift in Sources */,
				CA7C65D8266C56650046F604 /* ImageLoader.swift in Sources */,
				CA595AD0266B03D300FC860B /* ContentView.swift in Sources */,
				CA595AE3266B048000FC860B /* WeatherModel.swift in Sources */,
				CA595ACE266B03D300FC860B /* WeatherAppApp.swift in Sources */,
				CA595AE8266B04E200FC860B /* WeatherService.swift in Sources */,
				CA595AE5266B04B300FC860B /* ThermalSensation.swift in Sources */,
				CA7C65DC266C5B570046F604 /* TemperatureRow.swift in Sources */,
			);
			runOnlyForDeploymentPostprocessing = 0;
		};
/* End PBXSourcesBuildPhase section */

/* Begin XCBuildConfiguration section */
		CA595AD7266B03D400FC860B /* Debug */ = {
			isa = XCBuildConfiguration;
			buildSettings = {
				ALWAYS_SEARCH_USER_PATHS = NO;
				CLANG_ANALYZER_NONNULL = YES;
				CLANG_ANALYZER_NUMBER_OBJECT_CONVERSION = YES_AGGRESSIVE;
				CLANG_CXX_LANGUAGE_STANDARD = "gnu++14";
				CLANG_CXX_LIBRARY = "libc++";
				CLANG_ENABLE_MODULES = YES;
				CLANG_ENABLE_OBJC_ARC = YES;
				CLANG_ENABLE_OBJC_WEAK = YES;
				CLANG_WARN_BLOCK_CAPTURE_AUTORELEASING = YES;
				CLANG_WARN_BOOL_CONVERSION = YES;
				CLANG_WARN_COMMA = YES;
				CLANG_WARN_CONSTANT_CONVERSION = YES;
				CLANG_WARN_DEPRECATED_OBJC_IMPLEMENTATIONS = YES;
				CLANG_WARN_DIRECT_OBJC_ISA_USAGE = YES_ERROR;
				CLANG_WARN_DOCUMENTATION_COMMENTS = YES;
				CLANG_WARN_EMPTY_BODY = YES;
				CLANG_WARN_ENUM_CONVERSION = YES;
				CLANG_WARN_INFINITE_RECURSION = YES;
				CLANG_WARN_INT_CONVERSION = YES;
				CLANG_WARN_NON_LITERAL_NULL_CONVERSION = YES;
				CLANG_WARN_OBJC_IMPLICIT_RETAIN_SELF = YES;
				CLANG_WARN_OBJC_LITERAL_CONVERSION = YES;
				CLANG_WARN_OBJC_ROOT_CLASS = YES_ERROR;
				CLANG_WARN_QUOTED_INCLUDE_IN_FRAMEWORK_HEADER = YES;
				CLANG_WARN_RANGE_LOOP_ANALYSIS = YES;
				CLANG_WARN_STRICT_PROTOTYPES = YES;
				CLANG_WARN_SUSPICIOUS_MOVE = YES;
				CLANG_WARN_UNGUARDED_AVAILABILITY = YES_AGGRESSIVE;
				CLANG_WARN_UNREACHABLE_CODE = YES;
				CLANG_WARN__DUPLICATE_METHOD_MATCH = YES;
				COPY_PHASE_STRIP = NO;
				DEBUG_INFORMATION_FORMAT = dwarf;
				ENABLE_STRICT_OBJC_MSGSEND = YES;
				ENABLE_TESTABILITY = YES;
				GCC_C_LANGUAGE_STANDARD = gnu11;
				GCC_DYNAMIC_NO_PIC = NO;
				GCC_NO_COMMON_BLOCKS = YES;
				GCC_OPTIMIZATION_LEVEL = 0;
				GCC_PREPROCESSOR_DEFINITIONS = (
					"DEBUG=1",
					"$(inherited)",
				);
				GCC_WARN_64_TO_32_BIT_CONVERSION = YES;
				GCC_WARN_ABOUT_RETURN_TYPE = YES_ERROR;
				GCC_WARN_UNDECLARED_SELECTOR = YES;
				GCC_WARN_UNINITIALIZED_AUTOS = YES_AGGRESSIVE;
				GCC_WARN_UNUSED_FUNCTION = YES;
				GCC_WARN_UNUSED_VARIABLE = YES;
				IPHONEOS_DEPLOYMENT_TARGET = 14.5;
				MTL_ENABLE_DEBUG_INFO = INCLUDE_SOURCE;
				MTL_FAST_MATH = YES;
				ONLY_ACTIVE_ARCH = YES;
				SDKROOT = iphoneos;
				SWIFT_ACTIVE_COMPILATION_CONDITIONS = DEBUG;
				SWIFT_OPTIMIZATION_LEVEL = "-Onone";
			};
			name = Debug;
		};
		CA595AD8266B03D400FC860B /* Release */ = {
			isa = XCBuildConfiguration;
			buildSettings = {
				ALWAYS_SEARCH_USER_PATHS = NO;
				CLANG_ANALYZER_NONNULL = YES;
				CLANG_ANALYZER_NUMBER_OBJECT_CONVERSION = YES_AGGRESSIVE;
				CLANG_CXX_LANGUAGE_STANDARD = "gnu++14";
				CLANG_CXX_LIBRARY = "libc++";
				CLANG_ENABLE_MODULES = YES;
				CLANG_ENABLE_OBJC_ARC = YES;
				CLANG_ENABLE_OBJC_WEAK = YES;
				CLANG_WARN_BLOCK_CAPTURE_AUTORELEASING = YES;
				CLANG_WARN_BOOL_CONVERSION = YES;
				CLANG_WARN_COMMA = YES;
				CLANG_WARN_CONSTANT_CONVERSION = YES;
				CLANG_WARN_DEPRECATED_OBJC_IMPLEMENTATIONS = YES;
				CLANG_WARN_DIRECT_OBJC_ISA_USAGE = YES_ERROR;
				CLANG_WARN_DOCUMENTATION_COMMENTS = YES;
				CLANG_WARN_EMPTY_BODY = YES;
				CLANG_WARN_ENUM_CONVERSION = YES;
				CLANG_WARN_INFINITE_RECURSION = YES;
				CLANG_WARN_INT_CONVERSION = YES;
				CLANG_WARN_NON_LITERAL_NULL_CONVERSION = YES;
				CLANG_WARN_OBJC_IMPLICIT_RETAIN_SELF = YES;
				CLANG_WARN_OBJC_LITERAL_CONVERSION = YES;
				CLANG_WARN_OBJC_ROOT_CLASS = YES_ERROR;
				CLANG_WARN_QUOTED_INCLUDE_IN_FRAMEWORK_HEADER = YES;
				CLANG_WARN_RANGE_LOOP_ANALYSIS = YES;
				CLANG_WARN_STRICT_PROTOTYPES = YES;
				CLANG_WARN_SUSPICIOUS_MOVE = YES;
				CLANG_WARN_UNGUARDED_AVAILABILITY = YES_AGGRESSIVE;
				CLANG_WARN_UNREACHABLE_CODE = YES;
				CLANG_WARN__DUPLICATE_METHOD_MATCH = YES;
				COPY_PHASE_STRIP = NO;
				DEBUG_INFORMATION_FORMAT = "dwarf-with-dsym";
				ENABLE_NS_ASSERTIONS = NO;
				ENABLE_STRICT_OBJC_MSGSEND = YES;
				GCC_C_LANGUAGE_STANDARD = gnu11;
				GCC_NO_COMMON_BLOCKS = YES;
				GCC_WARN_64_TO_32_BIT_CONVERSION = YES;
				GCC_WARN_ABOUT_RETURN_TYPE = YES_ERROR;
				GCC_WARN_UNDECLARED_SELECTOR = YES;
				GCC_WARN_UNINITIALIZED_AUTOS = YES_AGGRESSIVE;
				GCC_WARN_UNUSED_FUNCTION = YES;
				GCC_WARN_UNUSED_VARIABLE = YES;
				IPHONEOS_DEPLOYMENT_TARGET = 14.5;
				MTL_ENABLE_DEBUG_INFO = NO;
				MTL_FAST_MATH = YES;
				SDKROOT = iphoneos;
				SWIFT_COMPILATION_MODE = wholemodule;
				SWIFT_OPTIMIZATION_LEVEL = "-O";
				VALIDATE_PRODUCT = YES;
			};
			name = Release;
		};
		CA595ADA266B03D400FC860B /* Debug */ = {
			isa = XCBuildConfiguration;
			buildSettings = {
				ASSETCATALOG_COMPILER_APPICON_NAME = AppIcon;
				ASSETCATALOG_COMPILER_GLOBAL_ACCENT_COLOR_NAME = AccentColor;
				CODE_SIGN_STYLE = Automatic;
				DEVELOPMENT_ASSET_PATHS = "\"WeatherApp/Preview Content\"";
				DEVELOPMENT_TEAM = DQT3MVFV5P;
				ENABLE_PREVIEWS = YES;
				INFOPLIST_FILE = WeatherApp/Info.plist;
				IPHONEOS_DEPLOYMENT_TARGET = 14.0;
				LD_RUNPATH_SEARCH_PATHS = (
					"$(inherited)",
					"@executable_path/Frameworks",
				);
				PRODUCT_BUNDLE_IDENTIFIER = AppleDevelop.WeatherApp;
				PRODUCT_NAME = "$(TARGET_NAME)";
				SWIFT_VERSION = 5.0;
				TARGETED_DEVICE_FAMILY = "1,2";
			};
			name = Debug;
		};
		CA595ADB266B03D400FC860B /* Release */ = {
			isa = XCBuildConfiguration;
			buildSettings = {
				ASSETCATALOG_COMPILER_APPICON_NAME = AppIcon;
				ASSETCATALOG_COMPILER_GLOBAL_ACCENT_COLOR_NAME = AccentColor;
				CODE_SIGN_STYLE = Automatic;
				DEVELOPMENT_ASSET_PATHS = "\"WeatherApp/Preview Content\"";
				DEVELOPMENT_TEAM = DQT3MVFV5P;
				ENABLE_PREVIEWS = YES;
				INFOPLIST_FILE = WeatherApp/Info.plist;
				IPHONEOS_DEPLOYMENT_TARGET = 14.0;
				LD_RUNPATH_SEARCH_PATHS = (
					"$(inherited)",
					"@executable_path/Frameworks",
				);
				PRODUCT_BUNDLE_IDENTIFIER = AppleDevelop.WeatherApp;
				PRODUCT_NAME = "$(TARGET_NAME)";
				SWIFT_VERSION = 5.0;
				TARGETED_DEVICE_FAMILY = "1,2";
			};
			name = Release;
		};
/* End XCBuildConfiguration section */

/* Begin XCConfigurationList section */
		CA595AC5266B03D300FC860B /* Build configuration list for PBXProject "WeatherApp" */ = {
			isa = XCConfigurationList;
			buildConfigurations = (
				CA595AD7266B03D400FC860B /* Debug */,
				CA595AD8266B03D400FC860B /* Release */,
			);
			defaultConfigurationIsVisible = 0;
			defaultConfigurationName = Release;
		};
		CA595AD9266B03D400FC860B /* Build configuration list for PBXNativeTarget "WeatherApp" */ = {
			isa = XCConfigurationList;
			buildConfigurations = (
				CA595ADA266B03D400FC860B /* Debug */,
				CA595ADB266B03D400FC860B /* Release */,
			);
			defaultConfigurationIsVisible = 0;
			defaultConfigurationName = Release;
		};
/* End XCConfigurationList section */
	};
	rootObject = CA595AC2266B03D300FC860B /* Project object */;
}
